
Microsoft Visual Studio Solution File, Format Version 12.00
# Visual Studio Version 16
VisualStudioVersion = 16.0.31205.134
MinimumVisualStudioVersion = 10.0.40219.1
Project("{FAE04EC0-301F-11D3-BF4B-00C04F79EFBC}") = "Match", "Match\Match.csproj", "{98D231C3-6174-4FE4-A89D-7819D824D47C}"
EndProject
Global
	GlobalSection(SolutionConfigurationPlatforms) = preSolution
		Debug|Any CPU = Debug|Any CPU
		Release|Any CPU = Release|Any CPU
	EndGlobalSection
	GlobalSection(ProjectConfigurationPlatforms) = postSolution
		{98D231C3-6174-4FE4-A89D-7819D824D47C}.Debug|Any CPU.ActiveCfg = Debug|Any CPU
		{98D231C3-6174-4FE4-A89D-7819D824D47C}.Debug|Any CPU.Build.0 = Debug|Any CPU
		{98D231C3-6174-4FE4-A89D-7819D824D47C}.Release|Any CPU.ActiveCfg = Release|Any CPU
		{98D231C3-6174-4FE4-A89D-7819D824D47C}.Release|Any CPU.Build.0 = Release|Any CPU
	EndGlobalSection
	GlobalSection(SolutionProperties) = preSolution
		HideSolutionNode = FALSE
	EndGlobalSection
	GlobalSection(ExtensibilityGlobals) = postSolution
		SolutionGuid = {82FEF7AD-9123-4DE9-AA74-F9985E348261}
	EndGlobalSection
EndGlobal
